
Microsoft Visual Studio Solution File, Format Version 12.00
# Blend for Visual Studio Version 16
VisualStudioVersion = 16.0.33027.164
MinimumVisualStudioVersion = 10.0.40219.1
Project("{FAE04EC0-301F-11D3-BF4B-00C04F79EFBC}") = "WpfApp1", "WpfApp1\WpfApp1.csproj", "{195DA5A1-33DB-4491-9963-8CEA4D0E383F}"
EndProject
Global
	GlobalSection(SolutionConfigurationPlatforms) = preSolution
		Debug|Any CPU = Debug|Any CPU
		Release|Any CPU = Release|Any CPU
	EndGlobalSection
	GlobalSection(ProjectConfigurationPlatforms) = postSolution
		{195DA5A1-33DB-4491-9963-8CEA4D0E383F}.Debug|Any CPU.ActiveCfg = Debug|Any CPU
		{195DA5A1-33DB-4491-9963-8CEA4D0E383F}.Debug|Any CPU.Build.0 = Debug|Any CPU
		{195DA5A1-33DB-4491-9963-8CEA4D0E383F}.Release|Any CPU.ActiveCfg = Release|Any CPU
		{195DA5A1-33DB-4491-9963-8CEA4D0E383F}.Release|Any CPU.Build.0 = Release|Any CPU
	EndGlobalSection
	GlobalSection(SolutionProperties) = preSolution
		HideSolutionNode = FALSE
	EndGlobalSection
	GlobalSection(ExtensibilityGlobals) = postSolution
		SolutionGuid = {DEE64DB8-AAA7-4F1D-84DD-0BA91066BCBE}
	EndGlobalSection
EndGlobal
